// !$*UTF8*$!
{
	archiveVersion = 1;
	classes = {
	};
	objectVersion = 55;
	objects = {

/* Begin PBXBuildFile section */
		973B3EAD283BCE9700F98571 /* boilerplateApp.swift in Sources */ = {isa = PBXBuildFile; fileRef = 973B3EAC283BCE9700F98571 /* boilerplateApp.swift */; };
		973B3EAF283BCE9700F98571 /* ContentView.swift in Sources */ = {isa = PBXBuildFile; fileRef = 973B3EAE283BCE9700F98571 /* ContentView.swift */; };
		973B3EB1283BCE9900F98571 /* Assets.xcassets in Resources */ = {isa = PBXBuildFile; fileRef = 973B3EB0283BCE9900F98571 /* Assets.xcassets */; };
		973B3EB4283BCE9900F98571 /* Preview Assets.xcassets in Resources */ = {isa = PBXBuildFile; fileRef = 973B3EB3283BCE9900F98571 /* Preview Assets.xcassets */; };
		973B3EBE283BCE9900F98571 /* boilerplateTests.swift in Sources */ = {isa = PBXBuildFile; fileRef = 973B3EBD283BCE9900F98571 /* boilerplateTests.swift */; };
		973B3EC8283BCE9900F98571 /* boilerplateUITests.swift in Sources */ = {isa = PBXBuildFile; fileRef = 973B3EC7283BCE9900F98571 /* boilerplateUITests.swift */; };
		973B3ECA283BCE9900F98571 /* boilerplateUITestsLaunchTests.swift in Sources */ = {isa = PBXBuildFile; fileRef = 973B3EC9283BCE9900F98571 /* boilerplateUITestsLaunchTests.swift */; };
/* End PBXBuildFile section */

/* Begin PBXContainerItemProxy section */
		973B3EBA283BCE9900F98571 /* PBXContainerItemProxy */ = {
			isa = PBXContainerItemProxy;
			containerPortal = 973B3EA1283BCE9700F98571 /* Project object */;
			proxyType = 1;
			remoteGlobalIDString = 973B3EA8283BCE9700F98571;
			remoteInfo = boilerplate;
		};
		973B3EC4283BCE9900F98571 /* PBXContainerItemProxy */ = {
			isa = PBXContainerItemProxy;
			containerPortal = 973B3EA1283BCE9700F98571 /* Project object */;
			proxyType = 1;
			remoteGlobalIDString = 973B3EA8283BCE9700F98571;
			remoteInfo = boilerplate;
		};
/* End PBXContainerItemProxy section */

/* Begin PBXFileReference section */
		973B3EA9283BCE9700F98571 /* boilerplate.app */ = {isa = PBXFileReference; explicitFileType = wrapper.application; includeInIndex = 0; path = boilerplate.app; sourceTree = BUILT_PRODUCTS_DIR; };
		973B3EAC283BCE9700F98571 /* boilerplateApp.swift */ = {isa = PBXFileReference; lastKnownFileType = sourcecode.swift; path = boilerplateApp.swift; sourceTree = "<group>"; };
		973B3EAE283BCE9700F98571 /* ContentView.swift */ = {isa = PBXFileReference; lastKnownFileType = sourcecode.swift; path = ContentView.swift; sourceTree = "<group>"; };
		973B3EB0283BCE9900F98571 /* Assets.xcassets */ = {isa = PBXFileReference; lastKnownFileType = folder.assetcatalog; path = Assets.xcassets; sourceTree = "<group>"; };
		973B3EB3283BCE9900F98571 /* Preview Assets.xcassets */ = {isa = PBXFileReference; lastKnownFileType = folder.assetcatalog; path = "Preview Assets.xcassets"; sourceTree = "<group>"; };
		973B3EB9283BCE9900F98571 /* boilerplateTests.xctest */ = {isa = PBXFileReference; explicitFileType = wrapper.cfbundle; includeInIndex = 0; path = boilerplateTests.xctest; sourceTree = BUILT_PRODUCTS_DIR; };
		973B3EBD283BCE9900F98571 /* boilerplateTests.swift */ = {isa = PBXFileReference; lastKnownFileType = sourcecode.swift; path = boilerplateTests.swift; sourceTree = "<group>"; };
		973B3EC3283BCE9900F98571 /* boilerplateUITests.xctest */ = {isa = PBXFileReference; explicitFileType = wrapper.cfbundle; includeInIndex = 0; path = boilerplateUITests.xctest; sourceTree = BUILT_PRODUCTS_DIR; };
		973B3EC7283BCE9900F98571 /* boilerplateUITests.swift */ = {isa = PBXFileReference; lastKnownFileType = sourcecode.swift; path = boilerplateUITests.swift; sourceTree = "<group>"; };
		973B3EC9283BCE9900F98571 /* boilerplateUITestsLaunchTests.swift */ = {isa = PBXFileReference; lastKnownFileType = sourcecode.swift; path = boilerplateUITestsLaunchTests.swift; sourceTree = "<group>"; };
/* End PBXFileReference section */

/* Begin PBXFrameworksBuildPhase section */
		973B3EA6283BCE9700F98571 /* Frameworks */ = {
			isa = PBXFrameworksBuildPhase;
			buildActionMask = 2147483647;
			files = (
			);
			runOnlyForDeploymentPostprocessing = 0;
		};
		973B3EB6283BCE9900F98571 /* Frameworks */ = {
			isa = PBXFrameworksBuildPhase;
			buildActionMask = 2147483647;
			files = (
			);
			runOnlyForDeploymentPostprocessing = 0;
		};
		973B3EC0283BCE9900F98571 /* Frameworks */ = {
			isa = PBXFrameworksBuildPhase;
			buildActionMask = 2147483647;
			files = (
			);
			runOnlyForDeploymentPostprocessing = 0;
		};
/* End PBXFrameworksBuildPhase section */

/* Begin PBXGroup section */
		973B3EA0283BCE9700F98571 = {
			isa = PBXGroup;
			children = (
				973B3EAB283BCE9700F98571 /* boilerplate */,
				973B3EBC283BCE9900F98571 /* boilerplateTests */,
				973B3EC6283BCE9900F98571 /* boilerplateUITests */,
				973B3EAA283BCE9700F98571 /* Products */,
			);
			sourceTree = "<group>";
		};
		973B3EAA283BCE9700F98571 /* Products */ = {
			isa = PBXGroup;
			children = (
				973B3EA9283BCE9700F98571 /* boilerplate.app */,
				973B3EB9283BCE9900F98571 /* boilerplateTests.xctest */,
				973B3EC3283BCE9900F98571 /* boilerplateUITests.xctest */,
			);
			name = Products;
			sourceTree = "<group>";
		};
		973B3EAB283BCE9700F98571 /* boilerplate */ = {
			isa = PBXGroup;
			children = (
				973B3EAC283BCE9700F98571 /* boilerplateApp.swift */,
				973B3EAE283BCE9700F98571 /* ContentView.swift */,
				973B3EB0283BCE9900F98571 /* Assets.xcassets */,
				973B3EB2283BCE9900F98571 /* Preview Content */,
			);
			path = boilerplate;
			sourceTree = "<group>";
		};
		973B3EB2283BCE9900F98571 /* Preview Content */ = {
			isa = PBXGroup;
			children = (
				973B3EB3283BCE9900F98571 /* Preview Assets.xcassets */,
			);
			path = "Preview Content";
			sourceTree = "<group>";
		};
		973B3EBC283BCE9900F98571 /* boilerplateTests */ = {
			isa = PBXGroup;
			children = (
				973B3EBD283BCE9900F98571 /* boilerplateTests.swift */,
			);
			path = boilerplateTests;
			sourceTree = "<group>";
		};
		973B3EC6283BCE9900F98571 /* boilerplateUITests */ = {
			isa = PBXGroup;
			children = (
				973B3EC7283BCE9900F98571 /* boilerplateUITests.swift */,
				973B3EC9283BCE9900F98571 /* boilerplateUITestsLaunchTests.swift */,
			);
			path = boilerplateUITests;
			sourceTree = "<group>";
		};
/* End PBXGroup section */

/* Begin PBXNativeTarget section */
		973B3EA8283BCE9700F98571 /* boilerplate */ = {
			isa = PBXNativeTarget;
			buildConfigurationList = 973B3ECD283BCE9900F98571 /* Build configuration list for PBXNativeTarget "boilerplate" */;
			buildPhases = (
				973B3EA5283BCE9700F98571 /* Sources */,
				973B3EA6283BCE9700F98571 /* Frameworks */,
				973B3EA7283BCE9700F98571 /* Resources */,
			);
			buildRules = (
			);
			dependencies = (
			);
			name = boilerplate;
			productName = boilerplate;
			productReference = 973B3EA9283BCE9700F98571 /* boilerplate.app */;
			productType = "com.apple.product-type.application";
		};
		973B3EB8283BCE9900F98571 /* boilerplateTests */ = {
			isa = PBXNativeTarget;
			buildConfigurationList = 973B3ED0283BCE9900F98571 /* Build configuration list for PBXNativeTarget "boilerplateTests" */;
			buildPhases = (
				973B3EB5283BCE9900F98571 /* Sources */,
				973B3EB6283BCE9900F98571 /* Frameworks */,
				973B3EB7283BCE9900F98571 /* Resources */,
			);
			buildRules = (
			);
			dependencies = (
				973B3EBB283BCE9900F98571 /* PBXTargetDependency */,
			);
			name = boilerplateTests;
			productName = boilerplateTests;
			productReference = 973B3EB9283BCE9900F98571 /* boilerplateTests.xctest */;
			productType = "com.apple.product-type.bundle.unit-test";
		};
		973B3EC2283BCE9900F98571 /* boilerplateUITests */ = {
			isa = PBXNativeTarget;
			buildConfigurationList = 973B3ED3283BCE9900F98571 /* Build configuration list for PBXNativeTarget "boilerplateUITests" */;
			buildPhases = (
				973B3EBF283BCE9900F98571 /* Sources */,
				973B3EC0283BCE9900F98571 /* Frameworks */,
				973B3EC1283BCE9900F98571 /* Resources */,
			);
			buildRules = (
			);
			dependencies = (
				973B3EC5283BCE9900F98571 /* PBXTargetDependency */,
			);
			name = boilerplateUITests;
			productName = boilerplateUITests;
			productReference = 973B3EC3283BCE9900F98571 /* boilerplateUITests.xctest */;
			productType = "com.apple.product-type.bundle.ui-testing";
		};
/* End PBXNativeTarget section */

/* Begin PBXProject section */
		973B3EA1283BCE9700F98571 /* Project object */ = {
			isa = PBXProject;
			attributes = {
				BuildIndependentTargetsInParallel = 1;
				LastSwiftUpdateCheck = 1330;
				LastUpgradeCheck = 1330;
				TargetAttributes = {
					973B3EA8283BCE9700F98571 = {
						CreatedOnToolsVersion = 13.3.1;
					};
					973B3EB8283BCE9900F98571 = {
						CreatedOnToolsVersion = 13.3.1;
						TestTargetID = 973B3EA8283BCE9700F98571;
					};
					973B3EC2283BCE9900F98571 = {
						CreatedOnToolsVersion = 13.3.1;
						TestTargetID = 973B3EA8283BCE9700F98571;
					};
				};
			};
			buildConfigurationList = 973B3EA4283BCE9700F98571 /* Build configuration list for PBXProject "boilerplate" */;
			compatibilityVersion = "Xcode 13.0";
			developmentRegion = en;
			hasScannedForEncodings = 0;
			knownRegions = (
				en,
				Base,
			);
			mainGroup = 973B3EA0283BCE9700F98571;
			productRefGroup = 973B3EAA283BCE9700F98571 /* Products */;
			projectDirPath = "";
			projectRoot = "";
			targets = (
				973B3EA8283BCE9700F98571 /* boilerplate */,
				973B3EB8283BCE9900F98571 /* boilerplateTests */,
				973B3EC2283BCE9900F98571 /* boilerplateUITests */,
			);
		};
/* End PBXProject section */

/* Begin PBXResourcesBuildPhase section */
		973B3EA7283BCE9700F98571 /* Resources */ = {
			isa = PBXResourcesBuildPhase;
			buildActionMask = 2147483647;
			files = (
				973B3EB4283BCE9900F98571 /* Preview Assets.xcassets in Resources */,
				973B3EB1283BCE9900F98571 /* Assets.xcassets in Resources */,
			);
			runOnlyForDeploymentPostprocessing = 0;
		};
		973B3EB7283BCE9900F98571 /* Resources */ = {
			isa = PBXResourcesBuildPhase;
			buildActionMask = 2147483647;
			files = (
			);
			runOnlyForDeploymentPostprocessing = 0;
		};
		973B3EC1283BCE9900F98571 /* Resources */ = {
			isa = PBXResourcesBuildPhase;
			buildActionMask = 2147483647;
			files = (
			);
			runOnlyForDeploymentPostprocessing = 0;
		};
/* End PBXResourcesBuildPhase section */

/* Begin PBXSourcesBuildPhase section */
		973B3EA5283BCE9700F98571 /* Sources */ = {
			isa = PBXSourcesBuildPhase;
			buildActionMask = 2147483647;
			files = (
				973B3EAF283BCE9700F98571 /* ContentView.swift in Sources */,
				973B3EAD283BCE9700F98571 /* boilerplateApp.swift in Sources */,
			);
			runOnlyForDeploymentPostprocessing = 0;
		};
		973B3EB5283BCE9900F98571 /* Sources */ = {
			isa = PBXSourcesBuildPhase;
			buildActionMask = 2147483647;
			files = (
				973B3EBE283BCE9900F98571 /* boilerplateTests.swift in Sources */,
			);
			runOnlyForDeploymentPostprocessing = 0;
		};
		973B3EBF283BCE9900F98571 /* Sources */ = {
			isa = PBXSourcesBuildPhase;
			buildActionMask = 2147483647;
			files = (
				973B3ECA283BCE9900F98571 /* boilerplateUITestsLaunchTests.swift in Sources */,
				973B3EC8283BCE9900F98571 /* boilerplateUITests.swift in Sources */,
			);
			runOnlyForDeploymentPostprocessing = 0;
		};
/* End PBXSourcesBuildPhase section */

/* Begin PBXTargetDependency section */
		973B3EBB283BCE9900F98571 /* PBXTargetDependency */ = {
			isa = PBXTargetDependency;
			target = 973B3EA8283BCE9700F98571 /* boilerplate */;
			targetProxy = 973B3EBA283BCE9900F98571 /* PBXContainerItemProxy */;
		};
		973B3EC5283BCE9900F98571 /* PBXTargetDependency */ = {
			isa = PBXTargetDependency;
			target = 973B3EA8283BCE9700F98571 /* boilerplate */;
			targetProxy = 973B3EC4283BCE9900F98571 /* PBXContainerItemProxy */;
		};
/* End PBXTargetDependency section */

/* Begin XCBuildConfiguration section */
		973B3ECB283BCE9900F98571 /* Debug */ = {
			isa = XCBuildConfiguration;
			buildSettings = {
				ALWAYS_SEARCH_USER_PATHS = NO;
				CLANG_ANALYZER_NONNULL = YES;
				CLANG_ANALYZER_NUMBER_OBJECT_CONVERSION = YES_AGGRESSIVE;
				CLANG_CXX_LANGUAGE_STANDARD = "gnu++17";
				CLANG_ENABLE_MODULES = YES;
				CLANG_ENABLE_OBJC_ARC = YES;
				CLANG_ENABLE_OBJC_WEAK = YES;
				CLANG_WARN_BLOCK_CAPTURE_AUTORELEASING = YES;
				CLANG_WARN_BOOL_CONVERSION = YES;
				CLANG_WARN_COMMA = YES;
				CLANG_WARN_CONSTANT_CONVERSION = YES;
				CLANG_WARN_DEPRECATED_OBJC_IMPLEMENTATIONS = YES;
				CLANG_WARN_DIRECT_OBJC_ISA_USAGE = YES_ERROR;
				CLANG_WARN_DOCUMENTATION_COMMENTS = YES;
				CLANG_WARN_EMPTY_BODY = YES;
				CLANG_WARN_ENUM_CONVERSION = YES;
				CLANG_WARN_INFINITE_RECURSION = YES;
				CLANG_WARN_INT_CONVERSION = YES;
				CLANG_WARN_NON_LITERAL_NULL_CONVERSION = YES;
				CLANG_WARN_OBJC_IMPLICIT_RETAIN_SELF = YES;
				CLANG_WARN_OBJC_LITERAL_CONVERSION = YES;
				CLANG_WARN_OBJC_ROOT_CLASS = YES_ERROR;
				CLANG_WARN_QUOTED_INCLUDE_IN_FRAMEWORK_HEADER = YES;
				CLANG_WARN_RANGE_LOOP_ANALYSIS = YES;
				CLANG_WARN_STRICT_PROTOTYPES = YES;
				CLANG_WARN_SUSPICIOUS_MOVE = YES;
				CLANG_WARN_UNGUARDED_AVAILABILITY = YES_AGGRESSIVE;
				CLANG_WARN_UNREACHABLE_CODE = YES;
				CLANG_WARN__DUPLICATE_METHOD_MATCH = YES;
				COPY_PHASE_STRIP = NO;
				DEBUG_INFORMATION_FORMAT = dwarf;
				ENABLE_STRICT_OBJC_MSGSEND = YES;
				ENABLE_TESTABILITY = YES;
				GCC_C_LANGUAGE_STANDARD = gnu11;
				GCC_DYNAMIC_NO_PIC = NO;
				GCC_NO_COMMON_BLOCKS = YES;
				GCC_OPTIMIZATION_LEVEL = 0;
				GCC_PREPROCESSOR_DEFINITIONS = (
					"DEBUG=1",
					"$(inherited)",
				);
				GCC_WARN_64_TO_32_BIT_CONVERSION = YES;
				GCC_WARN_ABOUT_RETURN_TYPE = YES_ERROR;
				GCC_WARN_UNDECLARED_SELECTOR = YES;
				GCC_WARN_UNINITIALIZED_AUTOS = YES_AGGRESSIVE;
				GCC_WARN_UNUSED_FUNCTION = YES;
				GCC_WARN_UNUSED_VARIABLE = YES;
				IPHONEOS_DEPLOYMENT_TARGET = 15.4;
				MTL_ENABLE_DEBUG_INFO = INCLUDE_SOURCE;
				MTL_FAST_MATH = YES;
				ONLY_ACTIVE_ARCH = YES;
				SDKROOT = iphoneos;
				SWIFT_ACTIVE_COMPILATION_CONDITIONS = DEBUG;
				SWIFT_OPTIMIZATION_LEVEL = "-Onone";
			};
			name = Debug;
		};
		973B3ECC283BCE9900F98571 /* Release */ = {
			isa = XCBuildConfiguration;
			buildSettings = {
				ALWAYS_SEARCH_USER_PATHS = NO;
				CLANG_ANALYZER_NONNULL = YES;
				CLANG_ANALYZER_NUMBER_OBJECT_CONVERSION = YES_AGGRESSIVE;
				CLANG_CXX_LANGUAGE_STANDARD = "gnu++17";
				CLANG_ENABLE_MODULES = YES;
				CLANG_ENABLE_OBJC_ARC = YES;
				CLANG_ENABLE_OBJC_WEAK = YES;
				CLANG_WARN_BLOCK_CAPTURE_AUTORELEASING = YES;
				CLANG_WARN_BOOL_CONVERSION = YES;
				CLANG_WARN_COMMA = YES;
				CLANG_WARN_CONSTANT_CONVERSION = YES;
				CLANG_WARN_DEPRECATED_OBJC_IMPLEMENTATIONS = YES;
				CLANG_WARN_DIRECT_OBJC_ISA_USAGE = YES_ERROR;
				CLANG_WARN_DOCUMENTATION_COMMENTS = YES;
				CLANG_WARN_EMPTY_BODY = YES;
				CLANG_WARN_ENUM_CONVERSION = YES;
				CLANG_WARN_INFINITE_RECURSION = YES;
				CLANG_WARN_INT_CONVERSION = YES;
				CLANG_WARN_NON_LITERAL_NULL_CONVERSION = YES;
				CLANG_WARN_OBJC_IMPLICIT_RETAIN_SELF = YES;
				CLANG_WARN_OBJC_LITERAL_CONVERSION = YES;
				CLANG_WARN_OBJC_ROOT_CLASS = YES_ERROR;
				CLANG_WARN_QUOTED_INCLUDE_IN_FRAMEWORK_HEADER = YES;
				CLANG_WARN_RANGE_LOOP_ANALYSIS = YES;
				CLANG_WARN_STRICT_PROTOTYPES = YES;
				CLANG_WARN_SUSPICIOUS_MOVE = YES;
				CLANG_WARN_UNGUARDED_AVAILABILITY = YES_AGGRESSIVE;
				CLANG_WARN_UNREACHABLE_CODE = YES;
				CLANG_WARN__DUPLICATE_METHOD_MATCH = YES;
				COPY_PHASE_STRIP = NO;
				DEBUG_INFORMATION_FORMAT = "dwarf-with-dsym";
				ENABLE_NS_ASSERTIONS = NO;
				ENABLE_STRICT_OBJC_MSGSEND = YES;
				GCC_C_LANGUAGE_STANDARD = gnu11;
				GCC_NO_COMMON_BLOCKS = YES;
				GCC_WARN_64_TO_32_BIT_CONVERSION = YES;
				GCC_WARN_ABOUT_RETURN_TYPE = YES_ERROR;
				GCC_WARN_UNDECLARED_SELECTOR = YES;
				GCC_WARN_UNINITIALIZED_AUTOS = YES_AGGRESSIVE;
				GCC_WARN_UNUSED_FUNCTION = YES;
				GCC_WARN_UNUSED_VARIABLE = YES;
				IPHONEOS_DEPLOYMENT_TARGET = 15.4;
				MTL_ENABLE_DEBUG_INFO = NO;
				MTL_FAST_MATH = YES;
				SDKROOT = iphoneos;
				SWIFT_COMPILATION_MODE = wholemodule;
				SWIFT_OPTIMIZATION_LEVEL = "-O";
				VALIDATE_PRODUCT = YES;
			};
			name = Release;
		};
		973B3ECE283BCE9900F98571 /* Debug */ = {
			isa = XCBuildConfiguration;
			buildSettings = {
				ASSETCATALOG_COMPILER_APPICON_NAME = AppIcon;
				ASSETCATALOG_COMPILER_GLOBAL_ACCENT_COLOR_NAME = AccentColor;
				CODE_SIGN_STYLE = Automatic;
				CURRENT_PROJECT_VERSION = 1;
				DEVELOPMENT_ASSET_PATHS = "\"boilerplate/Preview Content\"";
				DEVELOPMENT_TEAM = 5Q9399ZKMY;
				ENABLE_PREVIEWS = YES;
				GENERATE_INFOPLIST_FILE = YES;
				INFOPLIST_KEY_UIApplicationSceneManifest_Generation = YES;
				INFOPLIST_KEY_UIApplicationSupportsIndirectInputEvents = YES;
				INFOPLIST_KEY_UILaunchScreen_Generation = YES;
				INFOPLIST_KEY_UISupportedInterfaceOrientations_iPad = "UIInterfaceOrientationPortrait UIInterfaceOrientationPortraitUpsideDown UIInterfaceOrientationLandscapeLeft UIInterfaceOrientationLandscapeRight";
				INFOPLIST_KEY_UISupportedInterfaceOrientations_iPhone = "UIInterfaceOrientationPortrait UIInterfaceOrientationLandscapeLeft UIInterfaceOrientationLandscapeRight";
				LD_RUNPATH_SEARCH_PATHS = (
					"$(inherited)",
					"@executable_path/Frameworks",
				);
				MARKETING_VERSION = 1.0;
				PRODUCT_BUNDLE_IDENTIFIER = com.raven.boilerplate;
				PRODUCT_NAME = "$(TARGET_NAME)";
				SWIFT_EMIT_LOC_STRINGS = YES;
				SWIFT_VERSION = 5.0;
				TARGETED_DEVICE_FAMILY = "1,2";
			};
			name = Debug;
		};
		973B3ECF283BCE9900F98571 /* Release */ = {
			isa = XCBuildConfiguration;
			buildSettings = {
				ASSETCATALOG_COMPILER_APPICON_NAME = AppIcon;
				ASSETCATALOG_COMPILER_GLOBAL_ACCENT_COLOR_NAME = AccentColor;
				CODE_SIGN_STYLE = Automatic;
				CURRENT_PROJECT_VERSION = 1;
				DEVELOPMENT_ASSET_PATHS = "\"boilerplate/Preview Content\"";
				DEVELOPMENT_TEAM = 5Q9399ZKMY;
				ENABLE_PREVIEWS = YES;
				GENERATE_INFOPLIST_FILE = YES;
				INFOPLIST_KEY_UIApplicationSceneManifest_Generation = YES;
				INFOPLIST_KEY_UIApplicationSupportsIndirectInputEvents = YES;
				INFOPLIST_KEY_UILaunchScreen_Generation = YES;
				INFOPLIST_KEY_UISupportedInterfaceOrientations_iPad = "UIInterfaceOrientationPortrait UIInterfaceOrientationPortraitUpsideDown UIInterfaceOrientationLandscapeLeft UIInterfaceOrientationLandscapeRight";
				INFOPLIST_KEY_UISupportedInterfaceOrientations_iPhone = "UIInterfaceOrientationPortrait UIInterfaceOrientationLandscapeLeft UIInterfaceOrientationLandscapeRight";
				LD_RUNPATH_SEARCH_PATHS = (
					"$(inherited)",
					"@executable_path/Frameworks",
				);
				MARKETING_VERSION = 1.0;
				PRODUCT_BUNDLE_IDENTIFIER = com.raven.boilerplate;
				PRODUCT_NAME = "$(TARGET_NAME)";
				SWIFT_EMIT_LOC_STRINGS = YES;
				SWIFT_VERSION = 5.0;
				TARGETED_DEVICE_FAMILY = "1,2";
			};
			name = Release;
		};
		973B3ED1283BCE9900F98571 /* Debug */ = {
			isa = XCBuildConfiguration;
			buildSettings = {
				ALWAYS_EMBED_SWIFT_STANDARD_LIBRARIES = YES;
				BUNDLE_LOADER = "$(TEST_HOST)";
				CODE_SIGN_STYLE = Automatic;
				CURRENT_PROJECT_VERSION = 1;
				DEVELOPMENT_TEAM = 5Q9399ZKMY;
				GENERATE_INFOPLIST_FILE = YES;
				IPHONEOS_DEPLOYMENT_TARGET = 15.4;
				MARKETING_VERSION = 1.0;
				PRODUCT_BUNDLE_IDENTIFIER = com.raven.boilerplateTests;
				PRODUCT_NAME = "$(TARGET_NAME)";
				SWIFT_EMIT_LOC_STRINGS = NO;
				SWIFT_VERSION = 5.0;
				TARGETED_DEVICE_FAMILY = "1,2";
				TEST_HOST = "$(BUILT_PRODUCTS_DIR)/boilerplate.app/boilerplate";
			};
			name = Debug;
		};
		973B3ED2283BCE9900F98571 /* Release */ = {
			isa = XCBuildConfiguration;
			buildSettings = {
				ALWAYS_EMBED_SWIFT_STANDARD_LIBRARIES = YES;
				BUNDLE_LOADER = "$(TEST_HOST)";
				CODE_SIGN_STYLE = Automatic;
				CURRENT_PROJECT_VERSION = 1;
				DEVELOPMENT_TEAM = 5Q9399ZKMY;
				GENERATE_INFOPLIST_FILE = YES;
				IPHONEOS_DEPLOYMENT_TARGET = 15.4;
				MARKETING_VERSION = 1.0;
				PRODUCT_BUNDLE_IDENTIFIER = com.raven.boilerplateTests;
				PRODUCT_NAME = "$(TARGET_NAME)";
				SWIFT_EMIT_LOC_STRINGS = NO;
				SWIFT_VERSION = 5.0;
				TARGETED_DEVICE_FAMILY = "1,2";
				TEST_HOST = "$(BUILT_PRODUCTS_DIR)/boilerplate.app/boilerplate";
			};
			name = Release;
		};
		973B3ED4283BCE9900F98571 /* Debug */ = {
			isa = XCBuildConfiguration;
			buildSettings = {
				ALWAYS_EMBED_SWIFT_STANDARD_LIBRARIES = YES;
				CODE_SIGN_STYLE = Automatic;
				CURRENT_PROJECT_VERSION = 1;
				DEVELOPMENT_TEAM = 5Q9399ZKMY;
				GENERATE_INFOPLIST_FILE = YES;
				MARKETING_VERSION = 1.0;
				PRODUCT_BUNDLE_IDENTIFIER = com.raven.boilerplateUITests;
				PRODUCT_NAME = "$(TARGET_NAME)";
				SWIFT_EMIT_LOC_STRINGS = NO;
				SWIFT_VERSION = 5.0;
				TARGETED_DEVICE_FAMILY = "1,2";
				TEST_TARGET_NAME = boilerplate;
			};
			name = Debug;
		};
		973B3ED5283BCE9900F98571 /* Release */ = {
			isa = XCBuildConfiguration;
			buildSettings = {
				ALWAYS_EMBED_SWIFT_STANDARD_LIBRARIES = YES;
				CODE_SIGN_STYLE = Automatic;
				CURRENT_PROJECT_VERSION = 1;
				DEVELOPMENT_TEAM = 5Q9399ZKMY;
				GENERATE_INFOPLIST_FILE = YES;
				MARKETING_VERSION = 1.0;
				PRODUCT_BUNDLE_IDENTIFIER = com.raven.boilerplateUITests;
				PRODUCT_NAME = "$(TARGET_NAME)";
				SWIFT_EMIT_LOC_STRINGS = NO;
				SWIFT_VERSION = 5.0;
				TARGETED_DEVICE_FAMILY = "1,2";
				TEST_TARGET_NAME = boilerplate;
			};
			name = Release;
		};
/* End XCBuildConfiguration section */

/* Begin XCConfigurationList section */
		973B3EA4283BCE9700F98571 /* Build configuration list for PBXProject "boilerplate" */ = {
			isa = XCConfigurationList;
			buildConfigurations = (
				973B3ECB283BCE9900F98571 /* Debug */,
				973B3ECC283BCE9900F98571 /* Release */,
			);
			defaultConfigurationIsVisible = 0;
			defaultConfigurationName = Release;
		};
		973B3ECD283BCE9900F98571 /* Build configuration list for PBXNativeTarget "boilerplate" */ = {
			isa = XCConfigurationList;
			buildConfigurations = (
				973B3ECE283BCE9900F98571 /* Debug */,
				973B3ECF283BCE9900F98571 /* Release */,
			);
			defaultConfigurationIsVisible = 0;
			defaultConfigurationName = Release;
		};
		973B3ED0283BCE9900F98571 /* Build configuration list for PBXNativeTarget "boilerplateTests" */ = {
			isa = XCConfigurationList;
			buildConfigurations = (
				973B3ED1283BCE9900F98571 /* Debug */,
				973B3ED2283BCE9900F98571 /* Release */,
			);
			defaultConfigurationIsVisible = 0;
			defaultConfigurationName = Release;
		};
		973B3ED3283BCE9900F98571 /* Build configuration list for PBXNativeTarget "boilerplateUITests" */ = {
			isa = XCConfigurationList;
			buildConfigurations = (
				973B3ED4283BCE9900F98571 /* Debug */,
				973B3ED5283BCE9900F98571 /* Release */,
			);
			defaultConfigurationIsVisible = 0;
			defaultConfigurationName = Release;
		};
/* End XCConfigurationList section */
	};
	rootObject = 973B3EA1283BCE9700F98571 /* Project object */;
}
